dependencies:
- name: grafana
  repository: https://grafana.github.io/helm-charts
  version: 7.3.7
- name: loki
  repository: https://grafana.github.io/helm-charts
  version: 5.47.2
- name: kube-prometheus-stack
  repository: https://prometheus-community.github.io/helm-charts
  version: 56.21.4
- name: tempo
  repository: https://grafana.github.io/helm-charts
  version: 1.7.2
- name: opentelemetry-collector
  repository: https://open-telemetry.github.io/opentelemetry-helm-charts
  version: 0.81.0
digest: sha256:593d451fb346b4e019037cefb007743d84306485cc814f27657eb3ad9fc88fbd
generated: "2025-07-11T17:59:05.010976286+02:00"
